
Microsoft Visual Studio Solution File, Format Version 12.00
# Visual Studio Version 16
VisualStudioVersion = 16.0.31702.278
MinimumVisualStudioVersion = 10.0.40219.1
Project("{FAE04EC0-301F-11D3-BF4B-00C04F79EFBC}") = "UT2 2- M4 DockPanel", "UT2 2- M4 DockPanel.csproj", "{A248555A-CCA1-4076-9096-74616B544C51}"
EndProject
Global
	GlobalSection(SolutionConfigurationPlatforms) = preSolution
		Debug|Any CPU = Debug|Any CPU
		Release|Any CPU = Release|Any CPU
	EndGlobalSection
	GlobalSection(ProjectConfigurationPlatforms) = postSolution
		{A248555A-CCA1-4076-9096-74616B544C51}.Debug|Any CPU.ActiveCfg = Debug|Any CPU
		{A248555A-CCA1-4076-9096-74616B544C51}.Debug|Any CPU.Build.0 = Debug|Any CPU
		{A248555A-CCA1-4076-9096-74616B544C51}.Release|Any CPU.ActiveCfg = Release|Any CPU
		{A248555A-CCA1-4076-9096-74616B544C51}.Release|Any CPU.Build.0 = Release|Any CPU
	EndGlobalSection
	GlobalSection(SolutionProperties) = preSolution
		HideSolutionNode = FALSE
	EndGlobalSection
	GlobalSection(ExtensibilityGlobals) = postSolution
		SolutionGuid = {B3EE44D9-DCBC-4CD6-91C4-85F15D4D32E4}
	EndGlobalSection
EndGlobal
