
Microsoft Visual Studio Solution File, Format Version 12.00
# Visual Studio Version 16
VisualStudioVersion = 16.0.31702.278
MinimumVisualStudioVersion = 10.0.40219.1
Project("{FAE04EC0-301F-11D3-BF4B-00C04F79EFBC}") = "UT2.2 M7 Canvas", "UT2.2 M7 Canvas.csproj", "{4310D119-7750-4AB4-8C94-90522CA7F0B5}"
EndProject
Global
	GlobalSection(SolutionConfigurationPlatforms) = preSolution
		Debug|Any CPU = Debug|Any CPU
		Release|Any CPU = Release|Any CPU
	EndGlobalSection
	GlobalSection(ProjectConfigurationPlatforms) = postSolution
		{4310D119-7750-4AB4-8C94-90522CA7F0B5}.Debug|Any CPU.ActiveCfg = Debug|Any CPU
		{4310D119-7750-4AB4-8C94-90522CA7F0B5}.Debug|Any CPU.Build.0 = Debug|Any CPU
		{4310D119-7750-4AB4-8C94-90522CA7F0B5}.Release|Any CPU.ActiveCfg = Release|Any CPU
		{4310D119-7750-4AB4-8C94-90522CA7F0B5}.Release|Any CPU.Build.0 = Release|Any CPU
	EndGlobalSection
	GlobalSection(SolutionProperties) = preSolution
		HideSolutionNode = FALSE
	EndGlobalSection
	GlobalSection(ExtensibilityGlobals) = postSolution
		SolutionGuid = {2331AF2F-48DF-4B82-8987-E2BD38921B81}
	EndGlobalSection
EndGlobal
