
Microsoft Visual Studio Solution File, Format Version 12.00
# Visual Studio Version 16
VisualStudioVersion = 16.0.31702.278
MinimumVisualStudioVersion = 10.0.40219.1
Project("{FAE04EC0-301F-11D3-BF4B-00C04F79EFBC}") = "Problema3Ev1P1Modelo", "Problema3Ev1P1Modelo.csproj", "{8745FC22-E554-4795-BE32-CBE051CE58E8}"
EndProject
Global
	GlobalSection(SolutionConfigurationPlatforms) = preSolution
		Debug|Any CPU = Debug|Any CPU
		Release|Any CPU = Release|Any CPU
	EndGlobalSection
	GlobalSection(ProjectConfigurationPlatforms) = postSolution
		{8745FC22-E554-4795-BE32-CBE051CE58E8}.Debug|Any CPU.ActiveCfg = Debug|Any CPU
		{8745FC22-E554-4795-BE32-CBE051CE58E8}.Debug|Any CPU.Build.0 = Debug|Any CPU
		{8745FC22-E554-4795-BE32-CBE051CE58E8}.Release|Any CPU.ActiveCfg = Release|Any CPU
		{8745FC22-E554-4795-BE32-CBE051CE58E8}.Release|Any CPU.Build.0 = Release|Any CPU
	EndGlobalSection
	GlobalSection(SolutionProperties) = preSolution
		HideSolutionNode = FALSE
	EndGlobalSection
	GlobalSection(ExtensibilityGlobals) = postSolution
		SolutionGuid = {780731C8-573B-45D6-B3D5-2A82AC3E514E}
	EndGlobalSection
EndGlobal
