
Microsoft Visual Studio Solution File, Format Version 12.00
# Visual Studio Version 16
VisualStudioVersion = 16.0.31702.278
MinimumVisualStudioVersion = 10.0.40219.1
Project("{FAE04EC0-301F-11D3-BF4B-00C04F79EFBC}") = "UT2.3 M3 Borde", "UT2.3 M3 Borde.csproj", "{36EC1E6A-63EA-4048-88BD-4CF6FE44A15B}"
EndProject
Global
	GlobalSection(SolutionConfigurationPlatforms) = preSolution
		Debug|Any CPU = Debug|Any CPU
		Release|Any CPU = Release|Any CPU
	EndGlobalSection
	GlobalSection(ProjectConfigurationPlatforms) = postSolution
		{36EC1E6A-63EA-4048-88BD-4CF6FE44A15B}.Debug|Any CPU.ActiveCfg = Debug|Any CPU
		{36EC1E6A-63EA-4048-88BD-4CF6FE44A15B}.Debug|Any CPU.Build.0 = Debug|Any CPU
		{36EC1E6A-63EA-4048-88BD-4CF6FE44A15B}.Release|Any CPU.ActiveCfg = Release|Any CPU
		{36EC1E6A-63EA-4048-88BD-4CF6FE44A15B}.Release|Any CPU.Build.0 = Release|Any CPU
	EndGlobalSection
	GlobalSection(SolutionProperties) = preSolution
		HideSolutionNode = FALSE
	EndGlobalSection
	GlobalSection(ExtensibilityGlobals) = postSolution
		SolutionGuid = {8C174A89-F031-42E9-BAD8-1314B1617246}
	EndGlobalSection
EndGlobal
