
Microsoft Visual Studio Solution File, Format Version 12.00
# Visual Studio Version 16
VisualStudioVersion = 16.0.31702.278
MinimumVisualStudioVersion = 10.0.40219.1
Project("{FAE04EC0-301F-11D3-BF4B-00C04F79EFBC}") = "UT2.3 M4 Image", "UT2.3 M4 Image.csproj", "{EF793B16-79B0-47D9-B65D-FF42215BC98F}"
EndProject
Global
	GlobalSection(SolutionConfigurationPlatforms) = preSolution
		Debug|Any CPU = Debug|Any CPU
		Release|Any CPU = Release|Any CPU
	EndGlobalSection
	GlobalSection(ProjectConfigurationPlatforms) = postSolution
		{EF793B16-79B0-47D9-B65D-FF42215BC98F}.Debug|Any CPU.ActiveCfg = Debug|Any CPU
		{EF793B16-79B0-47D9-B65D-FF42215BC98F}.Debug|Any CPU.Build.0 = Debug|Any CPU
		{EF793B16-79B0-47D9-B65D-FF42215BC98F}.Release|Any CPU.ActiveCfg = Release|Any CPU
		{EF793B16-79B0-47D9-B65D-FF42215BC98F}.Release|Any CPU.Build.0 = Release|Any CPU
	EndGlobalSection
	GlobalSection(SolutionProperties) = preSolution
		HideSolutionNode = FALSE
	EndGlobalSection
	GlobalSection(ExtensibilityGlobals) = postSolution
		SolutionGuid = {10F479AC-16F1-48D9-8D61-7B040D10B958}
	EndGlobalSection
EndGlobal
